
Microsoft Visual Studio Solution File, Format Version 12.00
# Visual Studio Version 17
VisualStudioVersion = 17.8.34525.116
MinimumVisualStudioVersion = 10.0.40219.1
Project("{FAE04EC0-301F-11D3-BF4B-00C04F79EFBC}") = "CursoNet8", "CursoNet8.csproj", "{A26C9B3A-0DE3-4E67-A39C-5AE67C39B06F}"
EndProject
Project("{2150E333-8FDC-42A3-9474-1A3956D46DE8}") = "src", "src", "{46FABD52-C911-4336-A19C-619BC7010C39}"
EndProject
Project("{2150E333-8FDC-42A3-9474-1A3956D46DE8}") = "Api", "Api", "{076A9B72-F927-4841-B879-D25B96E96A45}"
EndProject
Project("{2150E333-8FDC-42A3-9474-1A3956D46DE8}") = "Core", "Core", "{75E3B32A-5B86-4E23-B0F2-0AB10F5EC8C9}"
EndProject
Project("{2150E333-8FDC-42A3-9474-1A3956D46DE8}") = "Infraestructure", "Infraestructure", "{997E16AA-AB2D-424A-A012-637084B13377}"
EndProject
Project("{2150E333-8FDC-42A3-9474-1A3956D46DE8}") = "Common", "Common", "{15364E08-0C4C-48BC-A3E6-D072A339EB8F}"
EndProject
Project("{FAE04EC0-301F-11D3-BF4B-00C04F79EFBC}") = "Common,Aplicaction", "..\Common\Common,Aplicaction.csproj", "{0FC127C6-DED5-45EF-9A71-5EF522660A62}"
EndProject
Project("{FAE04EC0-301F-11D3-BF4B-00C04F79EFBC}") = "Common.Domain", "..\Common.Domain\Common.Domain.csproj", "{98A20C58-24C1-4119-A288-3CACB56FA463}"
EndProject
Project("{FAE04EC0-301F-11D3-BF4B-00C04F79EFBC}") = "Core.Aplication", "..\Core.Aplication\Core.Aplication.csproj", "{BEB3C092-9712-4D7A-811D-9C7B9B82A773}"
EndProject
Project("{FAE04EC0-301F-11D3-BF4B-00C04F79EFBC}") = "Core.Domain", "..\Core.Domain\Core.Domain.csproj", "{9DDC562D-7C21-4BFF-AB5E-9E4AA8756254}"
EndProject
Project("{FAE04EC0-301F-11D3-BF4B-00C04F79EFBC}") = "Infraestructure.Domain", "..\Infraestructure.Domain\Infraestructure.Domain.csproj", "{CFC21ADD-163B-401E-8D2E-575AA1C0DBF6}"
EndProject
Project("{FAE04EC0-301F-11D3-BF4B-00C04F79EFBC}") = "Infraestructure.Aplication", "..\Infraestructure.Aplication\Infraestructure.Aplication.csproj", "{7AAC8350-5996-44FE-864B-6570457D8751}"
EndProject
Global
	GlobalSection(SolutionConfigurationPlatforms) = preSolution
		Debug|Any CPU = Debug|Any CPU
		Release|Any CPU = Release|Any CPU
	EndGlobalSection
	GlobalSection(ProjectConfigurationPlatforms) = postSolution
		{A26C9B3A-0DE3-4E67-A39C-5AE67C39B06F}.Debug|Any CPU.ActiveCfg = Debug|Any CPU
		{A26C9B3A-0DE3-4E67-A39C-5AE67C39B06F}.Debug|Any CPU.Build.0 = Debug|Any CPU
		{A26C9B3A-0DE3-4E67-A39C-5AE67C39B06F}.Release|Any CPU.ActiveCfg = Release|Any CPU
		{A26C9B3A-0DE3-4E67-A39C-5AE67C39B06F}.Release|Any CPU.Build.0 = Release|Any CPU
		{0FC127C6-DED5-45EF-9A71-5EF522660A62}.Debug|Any CPU.ActiveCfg = Debug|Any CPU
		{0FC127C6-DED5-45EF-9A71-5EF522660A62}.Debug|Any CPU.Build.0 = Debug|Any CPU
		{0FC127C6-DED5-45EF-9A71-5EF522660A62}.Release|Any CPU.ActiveCfg = Release|Any CPU
		{0FC127C6-DED5-45EF-9A71-5EF522660A62}.Release|Any CPU.Build.0 = Release|Any CPU
		{98A20C58-24C1-4119-A288-3CACB56FA463}.Debug|Any CPU.ActiveCfg = Debug|Any CPU
		{98A20C58-24C1-4119-A288-3CACB56FA463}.Debug|Any CPU.Build.0 = Debug|Any CPU
		{98A20C58-24C1-4119-A288-3CACB56FA463}.Release|Any CPU.ActiveCfg = Release|Any CPU
		{98A20C58-24C1-4119-A288-3CACB56FA463}.Release|Any CPU.Build.0 = Release|Any CPU
		{BEB3C092-9712-4D7A-811D-9C7B9B82A773}.Debug|Any CPU.ActiveCfg = Debug|Any CPU
		{BEB3C092-9712-4D7A-811D-9C7B9B82A773}.Debug|Any CPU.Build.0 = Debug|Any CPU
		{BEB3C092-9712-4D7A-811D-9C7B9B82A773}.Release|Any CPU.ActiveCfg = Release|Any CPU
		{BEB3C092-9712-4D7A-811D-9C7B9B82A773}.Release|Any CPU.Build.0 = Release|Any CPU
		{9DDC562D-7C21-4BFF-AB5E-9E4AA8756254}.Debug|Any CPU.ActiveCfg = Debug|Any CPU
		{9DDC562D-7C21-4BFF-AB5E-9E4AA8756254}.Debug|Any CPU.Build.0 = Debug|Any CPU
		{9DDC562D-7C21-4BFF-AB5E-9E4AA8756254}.Release|Any CPU.ActiveCfg = Release|Any CPU
		{9DDC562D-7C21-4BFF-AB5E-9E4AA8756254}.Release|Any CPU.Build.0 = Release|Any CPU
		{CFC21ADD-163B-401E-8D2E-575AA1C0DBF6}.Debug|Any CPU.ActiveCfg = Debug|Any CPU
		{CFC21ADD-163B-401E-8D2E-575AA1C0DBF6}.Debug|Any CPU.Build.0 = Debug|Any CPU
		{CFC21ADD-163B-401E-8D2E-575AA1C0DBF6}.Release|Any CPU.ActiveCfg = Release|Any CPU
		{CFC21ADD-163B-401E-8D2E-575AA1C0DBF6}.Release|Any CPU.Build.0 = Release|Any CPU
		{7AAC8350-5996-44FE-864B-6570457D8751}.Debug|Any CPU.ActiveCfg = Debug|Any CPU
		{7AAC8350-5996-44FE-864B-6570457D8751}.Debug|Any CPU.Build.0 = Debug|Any CPU
		{7AAC8350-5996-44FE-864B-6570457D8751}.Release|Any CPU.ActiveCfg = Release|Any CPU
		{7AAC8350-5996-44FE-864B-6570457D8751}.Release|Any CPU.Build.0 = Release|Any CPU
	EndGlobalSection
	GlobalSection(SolutionProperties) = preSolution
		HideSolutionNode = FALSE
	EndGlobalSection
	GlobalSection(NestedProjects) = preSolution
		{A26C9B3A-0DE3-4E67-A39C-5AE67C39B06F} = {076A9B72-F927-4841-B879-D25B96E96A45}
		{076A9B72-F927-4841-B879-D25B96E96A45} = {46FABD52-C911-4336-A19C-619BC7010C39}
		{75E3B32A-5B86-4E23-B0F2-0AB10F5EC8C9} = {46FABD52-C911-4336-A19C-619BC7010C39}
		{997E16AA-AB2D-424A-A012-637084B13377} = {46FABD52-C911-4336-A19C-619BC7010C39}
		{15364E08-0C4C-48BC-A3E6-D072A339EB8F} = {46FABD52-C911-4336-A19C-619BC7010C39}
		{0FC127C6-DED5-45EF-9A71-5EF522660A62} = {15364E08-0C4C-48BC-A3E6-D072A339EB8F}
		{98A20C58-24C1-4119-A288-3CACB56FA463} = {15364E08-0C4C-48BC-A3E6-D072A339EB8F}
		{BEB3C092-9712-4D7A-811D-9C7B9B82A773} = {75E3B32A-5B86-4E23-B0F2-0AB10F5EC8C9}
		{9DDC562D-7C21-4BFF-AB5E-9E4AA8756254} = {75E3B32A-5B86-4E23-B0F2-0AB10F5EC8C9}
		{CFC21ADD-163B-401E-8D2E-575AA1C0DBF6} = {997E16AA-AB2D-424A-A012-637084B13377}
		{7AAC8350-5996-44FE-864B-6570457D8751} = {997E16AA-AB2D-424A-A012-637084B13377}
	EndGlobalSection
	GlobalSection(ExtensibilityGlobals) = postSolution
		SolutionGuid = {30F1941E-82F5-424B-9115-2139BC6D1438}
	EndGlobalSection
EndGlobal
